
Microsoft Visual Studio Solution File, Format Version 12.00
# Visual Studio Version 17
VisualStudioVersion = 17.0.31919.166
MinimumVisualStudioVersion = 10.0.40219.1
Project("{9A19103F-16F7-4668-BE54-9A1E7A4F7556}") = "GrpcClient", "GrpcClient\GrpcClient.csproj", "{0BA62E28-5FE2-49D9-8CE2-47BD6CAE42F0}"
EndProject
Project("{9A19103F-16F7-4668-BE54-9A1E7A4F7556}") = "RouteGuide", "RouteGuide\RouteGuide.csproj", "{E3E867DF-F89E-4886-901E-736614376C7A}"
EndProject
Project("{9A19103F-16F7-4668-BE54-9A1E7A4F7556}") = "RouteGuideServer", "RouteGuideServer\RouteGuideServer.csproj", "{A67C48EF-2C85-46DB-909E-69CC8367E43A}"
EndProject
Project("{9A19103F-16F7-4668-BE54-9A1E7A4F7556}") = "ExchangeRates.Server", "src\ExchangeRates.Server\ExchangeRates.Server.csproj", "{6F542BDD-6587-4AFC-90FD-3E22DA785E36}"
EndProject
Global
	GlobalSection(SolutionConfigurationPlatforms) = preSolution
		Debug|Any CPU = Debug|Any CPU
		Release|Any CPU = Release|Any CPU
	EndGlobalSection
	GlobalSection(ProjectConfigurationPlatforms) = postSolution
		{0BA62E28-5FE2-49D9-8CE2-47BD6CAE42F0}.Debug|Any CPU.ActiveCfg = Debug|Any CPU
		{0BA62E28-5FE2-49D9-8CE2-47BD6CAE42F0}.Debug|Any CPU.Build.0 = Debug|Any CPU
		{0BA62E28-5FE2-49D9-8CE2-47BD6CAE42F0}.Release|Any CPU.ActiveCfg = Release|Any CPU
		{0BA62E28-5FE2-49D9-8CE2-47BD6CAE42F0}.Release|Any CPU.Build.0 = Release|Any CPU
		{E3E867DF-F89E-4886-901E-736614376C7A}.Debug|Any CPU.ActiveCfg = Debug|Any CPU
		{E3E867DF-F89E-4886-901E-736614376C7A}.Debug|Any CPU.Build.0 = Debug|Any CPU
		{E3E867DF-F89E-4886-901E-736614376C7A}.Release|Any CPU.ActiveCfg = Release|Any CPU
		{E3E867DF-F89E-4886-901E-736614376C7A}.Release|Any CPU.Build.0 = Release|Any CPU
		{A67C48EF-2C85-46DB-909E-69CC8367E43A}.Debug|Any CPU.ActiveCfg = Debug|Any CPU
		{A67C48EF-2C85-46DB-909E-69CC8367E43A}.Debug|Any CPU.Build.0 = Debug|Any CPU
		{A67C48EF-2C85-46DB-909E-69CC8367E43A}.Release|Any CPU.ActiveCfg = Release|Any CPU
		{A67C48EF-2C85-46DB-909E-69CC8367E43A}.Release|Any CPU.Build.0 = Release|Any CPU
		{6F542BDD-6587-4AFC-90FD-3E22DA785E36}.Debug|Any CPU.ActiveCfg = Debug|Any CPU
		{6F542BDD-6587-4AFC-90FD-3E22DA785E36}.Debug|Any CPU.Build.0 = Debug|Any CPU
		{6F542BDD-6587-4AFC-90FD-3E22DA785E36}.Release|Any CPU.ActiveCfg = Release|Any CPU
		{6F542BDD-6587-4AFC-90FD-3E22DA785E36}.Release|Any CPU.Build.0 = Release|Any CPU
	EndGlobalSection
	GlobalSection(SolutionProperties) = preSolution
		HideSolutionNode = FALSE
	EndGlobalSection
	GlobalSection(ExtensibilityGlobals) = postSolution
		SolutionGuid = {11A02016-55D5-4385-AEE3-CB651474141C}
	EndGlobalSection
EndGlobal
