
Microsoft Visual Studio Solution File, Format Version 12.00
# Visual Studio Version 17
VisualStudioVersion = 17.0.31919.166
MinimumVisualStudioVersion = 10.0.40219.1
Project("{2150E333-8FDC-42A3-9474-1A3956D46DE8}") = "src", "src", "{87A9365C-BFBD-4E33-9322-1AA8E242CDA3}"
EndProject
Project("{9A19103F-16F7-4668-BE54-9A1E7A4F7556}") = "GrpcServer", "src\GrpcServer\GrpcServer.csproj", "{6F542BDD-6587-4AFC-90FD-3E22DA785E36}"
EndProject
Project("{9A19103F-16F7-4668-BE54-9A1E7A4F7556}") = "GrpcClient", "src\GrpcClient\GrpcClient.csproj", "{1EE86408-F8EB-43C2-86B5-A09BA81B0A2B}"
EndProject
Project("{9A19103F-16F7-4668-BE54-9A1E7A4F7556}") = "RouteGuideServer", "src\RouteGuideServer\RouteGuideServer.csproj", "{8740BC08-897D-406C-884C-C46FBD293068}"
EndProject
Global
	GlobalSection(SolutionConfigurationPlatforms) = preSolution
		Debug|Any CPU = Debug|Any CPU
		Release|Any CPU = Release|Any CPU
	EndGlobalSection
	GlobalSection(ProjectConfigurationPlatforms) = postSolution
		{6F542BDD-6587-4AFC-90FD-3E22DA785E36}.Debug|Any CPU.ActiveCfg = Debug|Any CPU
		{6F542BDD-6587-4AFC-90FD-3E22DA785E36}.Debug|Any CPU.Build.0 = Debug|Any CPU
		{6F542BDD-6587-4AFC-90FD-3E22DA785E36}.Release|Any CPU.ActiveCfg = Release|Any CPU
		{6F542BDD-6587-4AFC-90FD-3E22DA785E36}.Release|Any CPU.Build.0 = Release|Any CPU
		{1EE86408-F8EB-43C2-86B5-A09BA81B0A2B}.Debug|Any CPU.ActiveCfg = Debug|Any CPU
		{1EE86408-F8EB-43C2-86B5-A09BA81B0A2B}.Debug|Any CPU.Build.0 = Debug|Any CPU
		{1EE86408-F8EB-43C2-86B5-A09BA81B0A2B}.Release|Any CPU.ActiveCfg = Release|Any CPU
		{1EE86408-F8EB-43C2-86B5-A09BA81B0A2B}.Release|Any CPU.Build.0 = Release|Any CPU
		{8740BC08-897D-406C-884C-C46FBD293068}.Debug|Any CPU.ActiveCfg = Debug|Any CPU
		{8740BC08-897D-406C-884C-C46FBD293068}.Debug|Any CPU.Build.0 = Debug|Any CPU
		{8740BC08-897D-406C-884C-C46FBD293068}.Release|Any CPU.ActiveCfg = Release|Any CPU
		{8740BC08-897D-406C-884C-C46FBD293068}.Release|Any CPU.Build.0 = Release|Any CPU
	EndGlobalSection
	GlobalSection(SolutionProperties) = preSolution
		HideSolutionNode = FALSE
	EndGlobalSection
	GlobalSection(ExtensibilityGlobals) = postSolution
		SolutionGuid = {11A02016-55D5-4385-AEE3-CB651474141C}
	EndGlobalSection
	GlobalSection(NestedProjects) = preSolution
		{6F542BDD-6587-4AFC-90FD-3E22DA785E36} = {87A9365C-BFBD-4E33-9322-1AA8E242CDA3}
		{1EE86408-F8EB-43C2-86B5-A09BA81B0A2B} = {87A9365C-BFBD-4E33-9322-1AA8E242CDA3}
		{8740BC08-897D-406C-884C-C46FBD293068} = {87A9365C-BFBD-4E33-9322-1AA8E242CDA3}
	EndGlobalSection
EndGlobal
